
Microsoft Visual Studio Solution File, Format Version 12.00
# Visual Studio Version 16
VisualStudioVersion = 16.0.30002.166
MinimumVisualStudioVersion = 10.0.40219.1
Project("{8BC9CEB8-8B4A-11D0-8D11-00A0C91BC942}") = "taxTracker", "taxTracker.vcxproj", "{64D73619-50AF-4367-957C-A6A98F770F94}"
EndProject
Project("{54435603-DBB4-11D2-8724-00A0C9A8B90C}") = "Tax Tracker", "..\Tax Tracker\Tax Tracker.vdproj", "{13F1BD0D-C553-46A4-9F96-8AAE6EDA13EF}"
EndProject
Global
	GlobalSection(SolutionConfigurationPlatforms) = preSolution
		Debug|x64 = Debug|x64
		Debug|x86 = Debug|x86
		Release|x64 = Release|x64
		Release|x86 = Release|x86
	EndGlobalSection
	GlobalSection(ProjectConfigurationPlatforms) = postSolution
		{64D73619-50AF-4367-957C-A6A98F770F94}.Debug|x64.ActiveCfg = Debug|x64
		{64D73619-50AF-4367-957C-A6A98F770F94}.Debug|x64.Build.0 = Debug|x64
		{64D73619-50AF-4367-957C-A6A98F770F94}.Debug|x86.ActiveCfg = Release|Win32
		{64D73619-50AF-4367-957C-A6A98F770F94}.Debug|x86.Build.0 = Release|Win32
		{64D73619-50AF-4367-957C-A6A98F770F94}.Release|x64.ActiveCfg = Release|x64
		{64D73619-50AF-4367-957C-A6A98F770F94}.Release|x64.Build.0 = Release|x64
		{64D73619-50AF-4367-957C-A6A98F770F94}.Release|x86.ActiveCfg = Release|Win32
		{64D73619-50AF-4367-957C-A6A98F770F94}.Release|x86.Build.0 = Release|Win32
		{13F1BD0D-C553-46A4-9F96-8AAE6EDA13EF}.Debug|x64.ActiveCfg = Debug
		{13F1BD0D-C553-46A4-9F96-8AAE6EDA13EF}.Debug|x86.ActiveCfg = Debug
		{13F1BD0D-C553-46A4-9F96-8AAE6EDA13EF}.Release|x64.ActiveCfg = Release
		{13F1BD0D-C553-46A4-9F96-8AAE6EDA13EF}.Release|x86.ActiveCfg = Debug
		{13F1BD0D-C553-46A4-9F96-8AAE6EDA13EF}.Release|x86.Build.0 = Debug
	EndGlobalSection
	GlobalSection(SolutionProperties) = preSolution
		HideSolutionNode = FALSE
	EndGlobalSection
	GlobalSection(ExtensibilityGlobals) = postSolution
		SolutionGuid = {C373099F-C056-40CE-B269-06366B6D04B7}
	EndGlobalSection
EndGlobal
